
Microsoft Visual Studio Solution File, Format Version 12.00
# Visual Studio Version 16
VisualStudioVersion = 16.0.30611.23
MinimumVisualStudioVersion = 10.0.40219.1
Project("{FAE04EC0-301F-11D3-BF4B-00C04F79EFBC}") = "SYSBA", "SYSBA\SYSBA.csproj", "{A8AFAEFB-D78E-415B-97DC-B92A579A0F75}"
EndProject
Global
	GlobalSection(SolutionConfigurationPlatforms) = preSolution
		Debug|Any CPU = Debug|Any CPU
		Release|Any CPU = Release|Any CPU
	EndGlobalSection
	GlobalSection(ProjectConfigurationPlatforms) = postSolution
		{A8AFAEFB-D78E-415B-97DC-B92A579A0F75}.Debug|Any CPU.ActiveCfg = Debug|Any CPU
		{A8AFAEFB-D78E-415B-97DC-B92A579A0F75}.Debug|Any CPU.Build.0 = Debug|Any CPU
		{A8AFAEFB-D78E-415B-97DC-B92A579A0F75}.Release|Any CPU.ActiveCfg = Release|Any CPU
		{A8AFAEFB-D78E-415B-97DC-B92A579A0F75}.Release|Any CPU.Build.0 = Release|Any CPU
	EndGlobalSection
	GlobalSection(SolutionProperties) = preSolution
		HideSolutionNode = FALSE
	EndGlobalSection
	GlobalSection(ExtensibilityGlobals) = postSolution
		SolutionGuid = {90F9919E-B45C-43F5-8D22-1814B1EBB777}
	EndGlobalSection
EndGlobal
